
Microsoft Visual Studio Solution File, Format Version 12.00
# Visual Studio Version 17
VisualStudioVersion = 17.9.34723.18
MinimumVisualStudioVersion = 10.0.40219.1
Project("{9A19103F-16F7-4668-BE54-9A1E7A4F7556}") = "TextEditor2", "TextEditor2.csproj", "{688E7437-C95B-4CDD-9AC5-245D51CCDF15}"
EndProject
Project("{FAE04EC0-301F-11D3-BF4B-00C04F79EFBC}") = "StriveWebApp", "..\StriveWebApp\StriveWebApp.csproj", "{23817B84-8B42-48B1-81B7-C9249EE7ADE0}"
EndProject
Global
	GlobalSection(SolutionConfigurationPlatforms) = preSolution
		Debug|Any CPU = Debug|Any CPU
		Release|Any CPU = Release|Any CPU
	EndGlobalSection
	GlobalSection(ProjectConfigurationPlatforms) = postSolution
		{688E7437-C95B-4CDD-9AC5-245D51CCDF15}.Debug|Any CPU.ActiveCfg = Debug|Any CPU
		{688E7437-C95B-4CDD-9AC5-245D51CCDF15}.Debug|Any CPU.Build.0 = Debug|Any CPU
		{688E7437-C95B-4CDD-9AC5-245D51CCDF15}.Release|Any CPU.ActiveCfg = Release|Any CPU
		{688E7437-C95B-4CDD-9AC5-245D51CCDF15}.Release|Any CPU.Build.0 = Release|Any CPU
		{23817B84-8B42-48B1-81B7-C9249EE7ADE0}.Debug|Any CPU.ActiveCfg = Debug|Any CPU
		{23817B84-8B42-48B1-81B7-C9249EE7ADE0}.Debug|Any CPU.Build.0 = Debug|Any CPU
		{23817B84-8B42-48B1-81B7-C9249EE7ADE0}.Release|Any CPU.ActiveCfg = Release|Any CPU
		{23817B84-8B42-48B1-81B7-C9249EE7ADE0}.Release|Any CPU.Build.0 = Release|Any CPU
	EndGlobalSection
	GlobalSection(SolutionProperties) = preSolution
		HideSolutionNode = FALSE
	EndGlobalSection
	GlobalSection(ExtensibilityGlobals) = postSolution
		SolutionGuid = {7D027093-8E16-4167-9A7D-ABC44DE3C2D7}
	EndGlobalSection
EndGlobal
