
Microsoft Visual Studio Solution File, Format Version 12.00
# Visual Studio Version 17
VisualStudioVersion = 17.9.34723.18
MinimumVisualStudioVersion = 10.0.40219.1
Project("{9A19103F-16F7-4668-BE54-9A1E7A4F7556}") = "SSWalks", "..\SSWalks\SSWalks.csproj", "{8A583BB1-2E71-46C5-8F7F-47BC712D2A2A}"
EndProject
Project("{FAE04EC0-301F-11D3-BF4B-00C04F79EFBC}") = "Menu", "Menu\Menu.csproj", "{29C02D01-3650-4651-A20F-6911FB74ED64}"
EndProject
Global
	GlobalSection(SolutionConfigurationPlatforms) = preSolution
		Debug|Any CPU = Debug|Any CPU
		Release|Any CPU = Release|Any CPU
	EndGlobalSection
	GlobalSection(ProjectConfigurationPlatforms) = postSolution
		{8A583BB1-2E71-46C5-8F7F-47BC712D2A2A}.Debug|Any CPU.ActiveCfg = Debug|Any CPU
		{8A583BB1-2E71-46C5-8F7F-47BC712D2A2A}.Debug|Any CPU.Build.0 = Debug|Any CPU
		{8A583BB1-2E71-46C5-8F7F-47BC712D2A2A}.Release|Any CPU.ActiveCfg = Release|Any CPU
		{8A583BB1-2E71-46C5-8F7F-47BC712D2A2A}.Release|Any CPU.Build.0 = Release|Any CPU
		{29C02D01-3650-4651-A20F-6911FB74ED64}.Debug|Any CPU.ActiveCfg = Debug|Any CPU
		{29C02D01-3650-4651-A20F-6911FB74ED64}.Debug|Any CPU.Build.0 = Debug|Any CPU
		{29C02D01-3650-4651-A20F-6911FB74ED64}.Release|Any CPU.ActiveCfg = Release|Any CPU
		{29C02D01-3650-4651-A20F-6911FB74ED64}.Release|Any CPU.Build.0 = Release|Any CPU
	EndGlobalSection
	GlobalSection(SolutionProperties) = preSolution
		HideSolutionNode = FALSE
	EndGlobalSection
	GlobalSection(ExtensibilityGlobals) = postSolution
		SolutionGuid = {256070B0-DFEF-4071-A4CA-611857D6C141}
	EndGlobalSection
EndGlobal
