
Microsoft Visual Studio Solution File, Format Version 12.00
# Visual Studio Version 17
VisualStudioVersion = 17.9.34723.18
MinimumVisualStudioVersion = 10.0.40219.1
Project("{FAE04EC0-301F-11D3-BF4B-00C04F79EFBC}") = "Notification", "Notification.csproj", "{98755458-5714-4BB4-96A6-CED568D82A13}"
EndProject
Global
	GlobalSection(SolutionConfigurationPlatforms) = preSolution
		Debug|Any CPU = Debug|Any CPU
		Release|Any CPU = Release|Any CPU
	EndGlobalSection
	GlobalSection(ProjectConfigurationPlatforms) = postSolution
		{98755458-5714-4BB4-96A6-CED568D82A13}.Debug|Any CPU.ActiveCfg = Debug|Any CPU
		{98755458-5714-4BB4-96A6-CED568D82A13}.Debug|Any CPU.Build.0 = Debug|Any CPU
		{98755458-5714-4BB4-96A6-CED568D82A13}.Release|Any CPU.ActiveCfg = Release|Any CPU
		{98755458-5714-4BB4-96A6-CED568D82A13}.Release|Any CPU.Build.0 = Release|Any CPU
	EndGlobalSection
	GlobalSection(SolutionProperties) = preSolution
		HideSolutionNode = FALSE
	EndGlobalSection
	GlobalSection(ExtensibilityGlobals) = postSolution
		SolutionGuid = {4ADC62E8-787C-40AE-8488-9FBAB3AB6D6F}
	EndGlobalSection
EndGlobal
