
Microsoft Visual Studio Solution File, Format Version 12.00
# Visual Studio Version 17
VisualStudioVersion = 17.9.34723.18
MinimumVisualStudioVersion = 10.0.40219.1
Project("{FAE04EC0-301F-11D3-BF4B-00C04F79EFBC}") = "HamroPasal", "HamroPasal.csproj", "{79BFAC7B-B0E7-4EE8-B872-59EE49CA2B67}"
EndProject
Global
	GlobalSection(SolutionConfigurationPlatforms) = preSolution
		Debug|Any CPU = Debug|Any CPU
		Release|Any CPU = Release|Any CPU
	EndGlobalSection
	GlobalSection(ProjectConfigurationPlatforms) = postSolution
		{79BFAC7B-B0E7-4EE8-B872-59EE49CA2B67}.Debug|Any CPU.ActiveCfg = Debug|Any CPU
		{79BFAC7B-B0E7-4EE8-B872-59EE49CA2B67}.Debug|Any CPU.Build.0 = Debug|Any CPU
		{79BFAC7B-B0E7-4EE8-B872-59EE49CA2B67}.Release|Any CPU.ActiveCfg = Release|Any CPU
		{79BFAC7B-B0E7-4EE8-B872-59EE49CA2B67}.Release|Any CPU.Build.0 = Release|Any CPU
	EndGlobalSection
	GlobalSection(SolutionProperties) = preSolution
		HideSolutionNode = FALSE
	EndGlobalSection
	GlobalSection(ExtensibilityGlobals) = postSolution
		SolutionGuid = {DBD38556-96E3-41BB-AFFF-C4667CC731DF}
	EndGlobalSection
EndGlobal
